
Microsoft Visual Studio Solution File, Format Version 12.00
# Visual Studio 15
VisualStudioVersion = 15.0.28307.1525
MinimumVisualStudioVersion = 10.0.40219.1
Project("{8BC9CEB8-8B4A-11D0-8D11-00A0C91BC942}") = "HelloWorl", "HelloWorl\HelloWorl.vcxproj", "{68D63DEA-2D9B-40FF-B794-266EA5C11AF9}"
EndProject
Global
	GlobalSection(SolutionConfigurationPlatforms) = preSolution
		Debug|x64 = Debug|x64
		Debug|x86 = Debug|x86
		Release|x64 = Release|x64
		Release|x86 = Release|x86
	EndGlobalSection
	GlobalSection(ProjectConfigurationPlatforms) = postSolution
		{68D63DEA-2D9B-40FF-B794-266EA5C11AF9}.Debug|x64.ActiveCfg = Debug|x64
		{68D63DEA-2D9B-40FF-B794-266EA5C11AF9}.Debug|x64.Build.0 = Debug|x64
		{68D63DEA-2D9B-40FF-B794-266EA5C11AF9}.Debug|x86.ActiveCfg = Debug|Win32
		{68D63DEA-2D9B-40FF-B794-266EA5C11AF9}.Debug|x86.Build.0 = Debug|Win32
		{68D63DEA-2D9B-40FF-B794-266EA5C11AF9}.Release|x64.ActiveCfg = Release|x64
		{68D63DEA-2D9B-40FF-B794-266EA5C11AF9}.Release|x64.Build.0 = Release|x64
		{68D63DEA-2D9B-40FF-B794-266EA5C11AF9}.Release|x86.ActiveCfg = Release|Win32
		{68D63DEA-2D9B-40FF-B794-266EA5C11AF9}.Release|x86.Build.0 = Release|Win32
	EndGlobalSection
	GlobalSection(SolutionProperties) = preSolution
		HideSolutionNode = FALSE
	EndGlobalSection
	GlobalSection(ExtensibilityGlobals) = postSolution
		SolutionGuid = {B9B965CD-AFEB-46E2-B54E-946066BBCF02}
	EndGlobalSection
EndGlobal
